
Microsoft Visual Studio Solution File, Format Version 12.00
# Visual Studio Version 16
VisualStudioVersion = 25.0.1700.7
MinimumVisualStudioVersion = 10.0.40219.1
Project("{FAE04EC0-301F-11D3-BF4B-00C04F79EFBC}") = "Therapists", "Therapists.csproj", "{8D2A314D-AFC2-4DA3-ABD5-22B10D95EE55}"
EndProject
Global
	GlobalSection(SolutionConfigurationPlatforms) = preSolution
		Debug|Any CPU = Debug|Any CPU
		Release|Any CPU = Release|Any CPU
	EndGlobalSection
	GlobalSection(ProjectConfigurationPlatforms) = postSolution
		{8D2A314D-AFC2-4DA3-ABD5-22B10D95EE55}.Debug|Any CPU.ActiveCfg = Debug|Any CPU
		{8D2A314D-AFC2-4DA3-ABD5-22B10D95EE55}.Debug|Any CPU.Build.0 = Debug|Any CPU
		{8D2A314D-AFC2-4DA3-ABD5-22B10D95EE55}.Release|Any CPU.ActiveCfg = Release|Any CPU
		{8D2A314D-AFC2-4DA3-ABD5-22B10D95EE55}.Release|Any CPU.Build.0 = Release|Any CPU
	EndGlobalSection
	GlobalSection(SolutionProperties) = preSolution
		HideSolutionNode = FALSE
	EndGlobalSection
	GlobalSection(ExtensibilityGlobals) = postSolution
		SolutionGuid = {1D0F82B8-887E-4CA5-BEC7-C3F6571FC527}
	EndGlobalSection
EndGlobal
